lockfileVersion: '9.0'

settings:
  autoInstallPeers: true
  excludeLinksFromLockfile: false

importers:

  .:
    dependencies:
      neverthrow:
        specifier: ^8.2.0
        version: 8.2.0

packages:

  '@rollup/rollup-linux-x64-gnu@4.37.0':
    resolution: {integrity: sha512-pKivGpgJM5g8dwj0ywBwe/HeVAUSuVVJhUTa/URXjxvoyTT/AxsLTAbkHkDHG7qQxLoW2s3apEIl26uUe08LVQ==}
    cpu: [x64]
    os: [linux]

  neverthrow@8.2.0:
    resolution: {integrity: sha512-kOCT/1MCPAxY5iUV3wytNFUMUolzuwd/VF/1KCx7kf6CutrOsTie+84zTGTpgQycjvfLdBBdvBvFLqFD2c0wkQ==}
    engines: {node: '>=18'}

snapshots:

  '@rollup/rollup-linux-x64-gnu@4.37.0':
    optional: true

  neverthrow@8.2.0:
    optionalDependencies:
      '@rollup/rollup-linux-x64-gnu': 4.37.0
